<?xml version="1.0" encoding="utf-8"?>
<Project ToolsVersion="15.0" xmlns="http://schemas.microsoft.com/developer/msbuild/2003">
  <ItemGroup>
    <Filter Include="Resources">
      <UniqueIdentifier>313c0bbd-0a73-4e40-a719-fe10a55df89f</UniqueIdentifier>
      <Extensions>rc;ico;cur;bmp;dlg;rc2;rct;bin;rgs;gif;jpg;jpeg;jpe;resx;tga;tiff;tif;png;wav;mfcribbon-ms</Extensions>
    </Filter>
  </ItemGroup>
  <ItemGroup>
    <ClCompile Include="pch.cpp" />
    <ClCompile Include="directxpanel.cpp" />
    <ClCompile Include="videopanel.cpp" />
    <ClCompile Include="mediacallback.cpp" />
    <ClCompile Include="audiohandler.cpp" />
  </ItemGroup>
  <ItemGroup>
    <ClInclude Include="pch.h" />
    <ClInclude Include="directxpanel.h" />
    <ClInclude Include="videopanel.h" />
    <ClInclude Include="mediacallback.h" />
    <ClInclude Include="audiohandler.h" />
  </ItemGroup>
</Project>